PODS:
  - BaiduMapKit (3.4.4)
  - BMK (0.0.1):
    - BaiduMapKit

DEPENDENCIES:
  - BMK (from `.`)

SPEC REPOS:
  https://github.com/CocoaPods/Specs.git:
    - BaiduMapKit

EXTERNAL SOURCES:
  BMK:
    :path: "."

SPEC CHECKSUMS:
  BaiduMapKit: 4ac88f5a363500760392825b69709f4a0125f81e
  BMK: 16a8585df0cdd4470409cb0bc925b98f4b2fa29b

PODFILE CHECKSUM: ce1bf9cc2d485aad4be0d87be10f77e7356aa3e8

COCOAPODS: 1.5.0
