PODS:
  - BaiduMapKit (3.4.4)
  - BMK (0.0.1):
    - BaiduMapKit
    - DeviceDNA
    - PLShortVideoKit
    - UMengAnalytics
  - DeviceDNA (0.1.6)
  - HappyDNS (0.3.13)
  - PLShortVideoKit (1.10.0):
    - PLShortVideoKit/ex-libMuseProcessor (= 1.10.0)
    - PLShortVideoKit/libMuseProcessor (= 1.10.0)
    - Qiniu (~> 7.1)
  - PLShortVideoKit/ex-libMuseProcessor (1.10.0):
    - Qiniu (~> 7.1)
  - PLShortVideoKit/libMuseProcessor (1.10.0):
    - Qiniu (~> 7.1)
  - Qiniu (7.2.3):
    - HappyDNS (~> 0.3)
  - UMengAnalytics (4.2.4)

DEPENDENCIES:
  - BMK (from `.`)

SPEC REPOS:
  https://github.com/CocoaPods/Specs.git:
    - BaiduMapKit
    - DeviceDNA
    - HappyDNS
    - PLShortVideoKit
    - Qiniu
    - UMengAnalytics

EXTERNAL SOURCES:
  BMK:
    :path: "."

SPEC CHECKSUMS:
  BaiduMapKit: 4ac88f5a363500760392825b69709f4a0125f81e
  BMK: 0787685a01398b5de2e7e1a89e1e4eeaa8b8e7fa
  DeviceDNA: 06c4c1af198fc8b44711d10bed39e0a8638b490d
  HappyDNS: 17732b07a75bb9756bd6fe04452609e8da8c663e
  PLShortVideoKit: 86099728bc288502de62b37865d479a85a849e15
  Qiniu: ae0fea1cc379fae1560d8748ac537e0fbeb8626e
  UMengAnalytics: ef8d45f94c0e5771dc364cf6a5731d9d3b101da2

PODFILE CHECKSUM: d42c34a9e494926b482b3b9f4cf61650d3283492

COCOAPODS: 1.5.0
