PODS:
  - BaiduMapKit (3.4.4)
  - BMK (0.0.1):
    - BaiduMapKit
    - UMengAnalytics
  - UMengAnalytics (4.2.4)

DEPENDENCIES:
  - BMK (from `.`)

SPEC REPOS:
  https://github.com/CocoaPods/Specs.git:
    - BaiduMapKit
    - UMengAnalytics

EXTERNAL SOURCES:
  BMK:
    :path: "."

SPEC CHECKSUMS:
  BaiduMapKit: 4ac88f5a363500760392825b69709f4a0125f81e
  BMK: aadb2e2339d0109c7d35035987193077c6ced0ec
  UMengAnalytics: ef8d45f94c0e5771dc364cf6a5731d9d3b101da2

PODFILE CHECKSUM: d42c34a9e494926b482b3b9f4cf61650d3283492

COCOAPODS: 1.5.0
